pack:
  format: claude-plugin
  target: claude
  packed_at: '2026-09-24T14:45:36.006799+00:00'
  bundle_files:
    .mcp.json: 3d36449bec02673f6453a8f084f6149c54732251e028d0dd72969e64d0c5af9f
    commands/plan-trip.md: 08db207d65f393c089fdf25afe2170f289216cdf0247f9d933baf9824362ede4
    plugin.json: b192e4849870f51722dd344563f05b0a0a65432a3726624369ebda73f4b6a624
    skills/destination-calendar/SKILL.md: de2b47009dadb48c17cc02d7c820b8d9ad7f9e7e0ad366722ffecb7757d246d3
    skills/destination-calendar/references/event-classes.md: 146a52956c2deb52043c0389afee8ead79e14e55f0e401e64cc0479146b2673c
    skills/destination-calendar/references/search-protocol.md: bfc7886f118453651b59376d655d61a9efa422e57b00150116ac95b84d65f283
    skills/destination-calendar/references/verdict.md: fb0948393a2f8d1982b0c584846f636baeec90083398860a2f2bfdd80c73e909
    skills/destination-calendar/scripts/destination_calendar.py: b118ba5e52bdc977fdb6d525b8b5ed60abc9b4085ed4bf1bb5f2bca0fd3f6aea
    skills/itinerary-authoring/SKILL.md: c021bd6c5d7207b7becea86b22e25b6cad33f522c38a25b11960cf11cf50ff12
    skills/itinerary-authoring/references/day-structure.md: 51a4fe0118cb737b812924d2b90dc98112407b554732d80609e77b7dee667e48
    skills/itinerary-authoring/references/lead-times.md: 380021bb46a90bd9da3ed17d8a2d042c0790e74a072d04b2238c25d61bb5dd7c
    skills/travel-entry-requirements/SKILL.md: 5e83c96423e7d392647b67fc4768fdf353c66ad9c4d3f7cca7d2f93a278f9e5a
    skills/travel-entry-requirements/references/official-sources.md: 97ee8da867b7afaee9eb0ac9ca2659a3e0dac48c2bb7e643bf8d21cdb50ed904
    skills/travel-entry-requirements/scripts/schengen_window.py: acb2f0d18dac3e84b9788c9b8ee813ad27dca3e1a63525612bc438e8af296bb3
    skills/trip-planning/SKILL.md: 1b486caaa2963d501fffa96e115516c43600341684d9025c795e36e3308b3aad
    skills/trip-planning/references/booking-authority.md: fe69125318c339398bd0b83b610d10df12a6c1302784fe956413af30ced95ea8
    skills/trip-planning/references/deliverable.md: cf5fc245ff362e3d7c19e143c6e8da63f332372f7c4ea68d93513d579150dfb8
    skills/trip-planning/references/intake.md: ffa81e5bbb1a85af3ffe3f99bcd86793d9f7cf771cccbde55c1813351311f659
    skills/trip-planning/references/tool-inventory.md: d23b7e2dbee6d006da24ce6fb068b854aa6b68ff22b4fb55590767a162392cd2
lockfile_version: '1'
dependencies: []
deployments:
- kind: project-relative
  target: claude
  value: .claude/commands/plan-trip.md
  runtime: null
  scope: project
  owners:
  - .
  active_owner: .
  content_hash: sha256:81f0d165a4143af5091d7c67c828aa1cc5b3dd16a164060bd74f1501f48df87a
- kind: project-relative
  target: claude
  value: .claude/skills/destination-calendar
  runtime: null
  scope: project
  owners:
  - .
  active_owner: .
  content_hash: null
- kind: project-relative
  target: claude
  value: .claude/skills/destination-calendar/SKILL.md
  runtime: null
  scope: project
  owners:
  - .
  active_owner: .
  content_hash: sha256:de2b47009dadb48c17cc02d7c820b8d9ad7f9e7e0ad366722ffecb7757d246d3
- kind: project-relative
  target: claude
  value: .claude/skills/destination-calendar/references/event-classes.md
  runtime: null
  scope: project
  owners:
  - .
  active_owner: .
  content_hash: sha256:146a52956c2deb52043c0389afee8ead79e14e55f0e401e64cc0479146b2673c
- kind: project-relative
  target: claude
  value: .claude/skills/destination-calendar/references/search-protocol.md
  runtime: null
  scope: project
  owners:
  - .
  active_owner: .
  content_hash: sha256:bfc7886f118453651b59376d655d61a9efa422e57b00150116ac95b84d65f283
- kind: project-relative
  target: claude
  value: .claude/skills/destination-calendar/references/verdict.md
  runtime: null
  scope: project
  owners:
  - .
  active_owner: .
  content_hash: sha256:fb0948393a2f8d1982b0c584846f636baeec90083398860a2f2bfdd80c73e909
- kind: project-relative
  target: claude
  value: .claude/skills/destination-calendar/scripts/destination_calendar.py
  runtime: null
  scope: project
  owners:
  - .
  active_owner: .
  content_hash: sha256:b118ba5e52bdc977fdb6d525b8b5ed60abc9b4085ed4bf1bb5f2bca0fd3f6aea
- kind: project-relative
  target: claude
  value: .claude/skills/itinerary-authoring
  runtime: null
  scope: project
  owners:
  - .
  active_owner: .
  content_hash: null
- kind: project-relative
  target: claude
  value: .claude/skills/itinerary-authoring/SKILL.md
  runtime: null
  scope: project
  owners:
  - .
  active_owner: .
  content_hash: sha256:c021bd6c5d7207b7becea86b22e25b6cad33f522c38a25b11960cf11cf50ff12
- kind: project-relative
  target: claude
  value: .claude/skills/itinerary-authoring/references/day-structure.md
  runtime: null
  scope: project
  owners:
  - .
  active_owner: .
  content_hash: sha256:51a4fe0118cb737b812924d2b90dc98112407b554732d80609e77b7dee667e48
- kind: project-relative
  target: claude
  value: .claude/skills/itinerary-authoring/references/lead-times.md
  runtime: null
  scope: project
  owners:
  - .
  active_owner: .
  content_hash: sha256:380021bb46a90bd9da3ed17d8a2d042c0790e74a072d04b2238c25d61bb5dd7c
- kind: project-relative
  target: claude
  value: .claude/skills/travel-entry-requirements
  runtime: null
  scope: project
  owners:
  - .
  active_owner: .
  content_hash: null
- kind: project-relative
  target: claude
  value: .claude/skills/travel-entry-requirements/SKILL.md
  runtime: null
  scope: project
  owners:
  - .
  active_owner: .
  content_hash: sha256:5e83c96423e7d392647b67fc4768fdf353c66ad9c4d3f7cca7d2f93a278f9e5a
- kind: project-relative
  target: claude
  value: .claude/skills/travel-entry-requirements/references/official-sources.md
  runtime: null
  scope: project
  owners:
  - .
  active_owner: .
  content_hash: sha256:97ee8da867b7afaee9eb0ac9ca2659a3e0dac48c2bb7e643bf8d21cdb50ed904
- kind: project-relative
  target: claude
  value: .claude/skills/travel-entry-requirements/scripts/schengen_window.py
  runtime: null
  scope: project
  owners:
  - .
  active_owner: .
  content_hash: sha256:acb2f0d18dac3e84b9788c9b8ee813ad27dca3e1a63525612bc438e8af296bb3
- kind: project-relative
  target: claude
  value: .claude/skills/trip-planning
  runtime: null
  scope: project
  owners:
  - .
  active_owner: .
  content_hash: null
- kind: project-relative
  target: claude
  value: .claude/skills/trip-planning/SKILL.md
  runtime: null
  scope: project
  owners:
  - .
  active_owner: .
  content_hash: sha256:1b486caaa2963d501fffa96e115516c43600341684d9025c795e36e3308b3aad
- kind: project-relative
  target: claude
  value: .claude/skills/trip-planning/references/booking-authority.md
  runtime: null
  scope: project
  owners:
  - .
  active_owner: .
  content_hash: sha256:fe69125318c339398bd0b83b610d10df12a6c1302784fe956413af30ced95ea8
- kind: project-relative
  target: claude
  value: .claude/skills/trip-planning/references/deliverable.md
  runtime: null
  scope: project
  owners:
  - .
  active_owner: .
  content_hash: sha256:cf5fc245ff362e3d7c19e143c6e8da63f332372f7c4ea68d93513d579150dfb8
- kind: project-relative
  target: claude
  value: .claude/skills/trip-planning/references/intake.md
  runtime: null
  scope: project
  owners:
  - .
  active_owner: .
  content_hash: sha256:ffa81e5bbb1a85af3ffe3f99bcd86793d9f7cf771cccbde55c1813351311f659
- kind: project-relative
  target: claude
  value: .claude/skills/trip-planning/references/tool-inventory.md
  runtime: null
  scope: project
  owners:
  - .
  active_owner: .
  content_hash: sha256:d23b7e2dbee6d006da24ce6fb068b854aa6b68ff22b4fb55590767a162392cd2
- kind: uri
  target: mcp
  value: airbnb
  runtime: claude
  scope: project
  owners:
  - .
  active_owner: .
  content_hash: null
- kind: uri
  target: mcp
  value: ferryhopper
  runtime: claude
  scope: project
  owners:
  - .
  active_owner: .
  content_hash: null
- kind: uri
  target: mcp
  value: fli
  runtime: claude
  scope: project
  owners:
  - .
  active_owner: .
  content_hash: null
- kind: uri
  target: mcp
  value: hotelrate
  runtime: claude
  scope: project
  owners:
  - .
  active_owner: .
  content_hash: null
- kind: uri
  target: mcp
  value: skiplagged
  runtime: claude
  scope: project
  owners:
  - .
  active_owner: .
  content_hash: null
- kind: uri
  target: mcp
  value: trivago
  runtime: claude
  scope: project
  owners:
  - .
  active_owner: .
  content_hash: null
mcp_servers:
- airbnb
- ferryhopper
- fli
- hotelrate
- skiplagged
- trivago
mcp_configs:
  airbnb:
    name: airbnb
    transport: stdio
    args:
    - -y
    - '@openbnb/mcp-server-airbnb@0.3.0'
    - --ignore-robots-txt
    registry: false
    command: npx
  ferryhopper:
    name: ferryhopper
    transport: http
    registry: false
    url: https://mcp.ferryhopper.com/mcp
  fli:
    name: fli
    transport: stdio
    args:
    - --from
    - flights[mcp]==0.9.0
    - fli-mcp
    registry: false
    command: uvx
  hotelrate:
    name: hotelrate
    transport: stdio
    args:
    - --with
    - mcp[cli]<2
    - --from
    - git+https://github.com/seanbabalala/hotelrate-crawl@b60205201f002d649ef741fcfe1f6130123289e6
    - hotelrate-mcp
    registry: false
    command: uvx
  skiplagged:
    name: skiplagged
    transport: http
    registry: false
    url: https://mcp.skiplagged.com/mcp
  trivago:
    name: trivago
    transport: http
    registry: false
    url: https://mcp.trivago.com/mcp
mcp_target_servers:
  claude:
  - airbnb
  - ferryhopper
  - fli
  - hotelrate
  - skiplagged
  - trivago
