pack:
  format: claude-plugin
  target: claude
  packed_at: '2026-09-25T15:32:36.310330+00:00'
  bundle_files:
    .mcp.json: 6c226a93272029c65cf3f03eeb3d6cacc4ad394505e3c18ab927bdc2a6b1f80b
    agents/executor-broad.agent.md: 040a6f8aacf9b4cf5378a07cbe0add6d810d2ebdf15d549f62c0ca276077c0a3
    agents/executor-focused.agent.md: 65f71a7eb594c2205554f383798a2344e69d6803a20c0d1e8fc7521b108ffbee
    agents/explore.agent.md: d3b387a5158c1e52f9ddc22e9335ef54ab17f42c83ff502ad23ae71f158519db
    agents/plan.agent.md: b82e78e1ff6baa28714615934c3a738b1363b882cd706bcf185261fa130a5154
    agents/researcher-advanced.agent.md: f15191d37b2da1fe17a30b7a6df6c15f57d7fa4c33cb9e90c4d00a1cb581ed6f
    commands/reflect.md: 40501af895fa1f967ea9bfaed4047b82ef800515ff64dc51f54aaf606c582605
    commands/setup-mcp.md: 960019546867cabc54da0d46189a95f55089b2a71457814ff01fbefab1abe94f
    hooks.json: 08abe02e3f5736c756d6f1ce064251c209bb6560ba8f0f86970735048698d895
    instructions/documentation.instructions.md: cdd7f9780cb115a42a8c296201c906e6cadc6a51b9711e0f38b80323ea1e7ef9
    instructions/meta.instructions.md: 8a4ae22cc343af983d69a1c004a2a1d5ac5a75189606ca02afb605c78878211a
    instructions/troubleshooting.instructions.md: 60d1019f226a20e7a9910a21253f0704cf4762b29eb20bc6c8769aa8cab3f8de
    instructions/working-style.instructions.md: d21e213dae45ac47eeb5d19916a6604df11b28c7e4a40a0a8d9da442609789c1
    instructions/writing-style.instructions.md: d3653ed3013adbb5728cbdcdfdd47850ace579cef70a216068e03d8fca70401f
    plugin.json: ae729881cee991eed998c0c1cb74473c5de6a60cf61eedea72d8c06c3e803178
    skills/authoring-mermaid-diagrams/SKILL.md: 8c06960ada423d8148121b5a4beb078c33a0c96264aeb5fd4fd76433a3fa16e3
    skills/authoring-mermaid-diagrams/references/diagram-types.md: f7a3162cc76934bf88129c6a0c8b0483587e4c72cc0977e2b0bc4119499cf3d6
    skills/authoring-mermaid-diagrams/references/styling-and-theming.md: bbba28e0c07cabf649bb31ea369b84a203270b1db8fb7d3543ad6f41fd673fcc
    skills/authoring-mermaid-diagrams/references/syntax-recipes.md: 1c674f98b2aff669bf6ed1688d0fd7f9f7ef497066717d82f0bec67ddecda9d4
    skills/authoring-mermaid-diagrams/scripts/check-mermaid.mjs: 1977836c325c132be7658c14f7797ff033064c9ea8680428c726b5fd8e6743ec
    skills/batch-task-execution/SKILL.md: cb7348e7113e5ca4ad8f4eca91ff6d36be8838c1269261f614d814f65c2f7369
    skills/complex-research/SKILL.md: 1fec9ee1d1ee436e835918c7699f863fe386dc6e9ad6b88198c4b9b4eab351ec
    skills/grill-me/SKILL.md: 6189dfceb7304a6e5558f75d87e68fa3bc7fcf7ba120e44f21f8a61fe01eba54
    skills/grill-me/agents/openai.yaml: c061e39c3e0f9d865fb1b97556d485704af2a8a58f4b8221a8917a5c2074a32b
    skills/grilling/SKILL.md: 44331dda57f461db4fec3f2efb6ddabe7aaaa0a57ae0f88a883bc61aed8a0587
    skills/grilling/agents/openai.yaml: cf29b9a8dbf35a58a908a6ca4f64dcd86c2b2130291eee0a78b9f706b138825b
    skills/humanizer/.claude-plugin/marketplace.json: 141736822a343ca0b605d7a9298fef4b692a69368215338df76efb876af442e4
    skills/humanizer/.claude-plugin/plugin.json: f31bf57f37eabb0d4e2eab4deb4f69bf64cc4db164d4809cc57f8c9502aa4eb8
    skills/humanizer/.github/workflows/validate.yml: 4ee5852335371388b4a621e2a1e5d0115b3046d214ff2b43377a2422e77a4185
    skills/humanizer/AGENTS.md: 9394319b85795f13527b6462ac660d8e59ac43dd0e84f2bb2c3a1891e62ad402
    skills/humanizer/LICENSE: 4ac4810254ab36d45419141aeb8e69bf50652cfafe5b2dab947d06d44e5cbf96
    skills/humanizer/README.md: cb771a5ac98040b72ea1479f25bedec9e619c85f8b1493c205105a3b714a9d86
    skills/humanizer/SKILL.md: 70938f3cce25970e1ded5fdd194b755c03f1e4e4fa76820958ce78f86b677b1a
    skills/humanizer/agents/openai.yaml: 7b4289413ca3de49c7efc2798ac230e7ae563a6bd7eadf799ee5b2d75c261d25
    skills/humanizer/scripts/validate-package.py: d2c5496ca73a8ce2d3f0cad6681724170d8566bef54d36dfc1e5d3972597b614
    skills/meta-harness/SKILL.md: b4c27433ab52a0bea2b0c190db400d69b1efa0ee2fa4f32c3adf8b9a8db0495e
    skills/meta-harness/references/hooks.md: 911c971fb372fd8f5cb071b570f5b62ecbe0d2bf6e089574a8b3f90ee4b16893
    skills/meta-harness/references/mcp-configuration.md: d14121ba26a97b0f2301be236a2727f9d4bf23d105cee33c5928ff9bbb63d516
    skills/meta-harness/references/mcp.md: 220bc94be08416a1ba4b73420cfe091c8ddd4137f6df98f4f33b2682f3d6bdea
    skills/meta-harness/references/plugins.md: ec45fa1a749001f283d74d92d37dafc05a61cf8a8cf68330b6be5e75008c75a2
    skills/meta-steering/SKILL.md: 42012fe37469ee73d07c80ea898c325ec0866efc51a517b75fb86bf7150528d7
    skills/meta-steering/references/agent-frontmatter.md: f207995594919f546d28c36c1d845dc28537215e0867f7ae8ad4fe4157f0be54
    skills/meta-steering/references/agent-guide.md: c2d3f456e2c54fcc1b08df8778d76d6ef5a577d6fc1f9f7bc38f4b0b2dd9c08c
    skills/meta-steering/references/agent-handoff.md: ccd3060572901b5e7e40f0371030bd49dfa6381e39bb409729205ccbbdda8fdd
    skills/meta-steering/references/agent-patterns.md: d73ee4b3e0f54593e8579556a91e58ea3fdfc8e2d71e48dfc7cab93beb1bac0e
    skills/meta-steering/references/agent-subagent.md: 9c15e9127208c22fbb163c22fbea7fe7e341528c2cebec265de12233c4b7069c
    skills/meta-steering/references/agent-tools.md: 80bb27f704125e7faf4e6c2c1c2b702d2a596657b9b01ee06b7c722d9d1ea634
    skills/meta-steering/references/frontmatter-deploy.md: de326f29097a170ee6e84010e7474008bdfc2f29c6ebbbc844d35ce86cf2cffe
    skills/meta-steering/references/instruction-bootstrapping.md: 53eb7e7b16402ca92b3652f725aa966b5278066c58a2711fb00f7c5afa95a3fc
    skills/meta-steering/references/instructions.md: 53869eea88662385c4b2963aa3166bbc3d4a59a75d19001b672383ef534dd736
    skills/meta-steering/references/prompts.md: a8cf56bfc69266094f64e9335db9220f369557e4e1040b9a647f3c24b81f0b68
    skills/meta-steering/references/skill-body.md: 316b166abfd190817c2b1fb5fced7db75cb7aeb96cdc4850442c776f00165858
    skills/meta-steering/references/skill-frontmatter.md: 503b1818229f61957cdfed27466540c4c8d2f14d72879cd1aa152c288d98a76c
    skills/meta-steering/references/skill-spec.md: ff7b3dabaa6ec371c237212a9d50e0fb5f4c5671cc0613b9b907add3eaedabbe
    skills/meta-steering/references/skill-structure.md: 4e0a28d150e985ec5a26b911c15a8542b8d26a5ea430ae8347a421558b374602
    skills/meta-steering/references/skills.md: 1f7aaeceba9aa926bcf0d63b12f5176fd8285bfdc7702988fe05054b48f1ef96
    skills/troubleshooting/SKILL.md: 82a951e941e97516f2f4d6c08170b0dddaef135205963aa03bc9685ac894300f
lockfile_version: '1'
apm_version: 0.31.0
dependencies:
- repo_url: blader/humanizer
  name: humanizer
  host: github.com
  resolved_commit: 523374dee72d67c7b2b5f858ea0094ffda49c3ac
  resolved_ref: 523374dee72d67c7b2b5f858ea0094ffda49c3ac
  version: 2.9.1
  package_type: marketplace_plugin
  deployed_files:
  - .claude/skills/humanizer
  - .claude/skills/humanizer/.claude-plugin/marketplace.json
  - .claude/skills/humanizer/.claude-plugin/plugin.json
  - .claude/skills/humanizer/.github/workflows/validate.yml
  - .claude/skills/humanizer/AGENTS.md
  - .claude/skills/humanizer/LICENSE
  - .claude/skills/humanizer/README.md
  - .claude/skills/humanizer/SKILL.md
  - .claude/skills/humanizer/agents/openai.yaml
  - .claude/skills/humanizer/scripts/validate-package.py
  deployed_file_hashes:
    .claude/skills/humanizer/.claude-plugin/marketplace.json: sha256:141736822a343ca0b605d7a9298fef4b692a69368215338df76efb876af442e4
    .claude/skills/humanizer/.claude-plugin/plugin.json: sha256:f31bf57f37eabb0d4e2eab4deb4f69bf64cc4db164d4809cc57f8c9502aa4eb8
    .claude/skills/humanizer/.github/workflows/validate.yml: sha256:4ee5852335371388b4a621e2a1e5d0115b3046d214ff2b43377a2422e77a4185
    .claude/skills/humanizer/AGENTS.md: sha256:9394319b85795f13527b6462ac660d8e59ac43dd0e84f2bb2c3a1891e62ad402
    .claude/skills/humanizer/LICENSE: sha256:4ac4810254ab36d45419141aeb8e69bf50652cfafe5b2dab947d06d44e5cbf96
    .claude/skills/humanizer/README.md: sha256:cb771a5ac98040b72ea1479f25bedec9e619c85f8b1493c205105a3b714a9d86
    .claude/skills/humanizer/SKILL.md: sha256:70938f3cce25970e1ded5fdd194b755c03f1e4e4fa76820958ce78f86b677b1a
    .claude/skills/humanizer/agents/openai.yaml: sha256:7b4289413ca3de49c7efc2798ac230e7ae563a6bd7eadf799ee5b2d75c261d25
    .claude/skills/humanizer/scripts/validate-package.py: sha256:d2c5496ca73a8ce2d3f0cad6681724170d8566bef54d36dfc1e5d3972597b614
  content_hash: sha256:a94d622eee9ad27732611b7ab1a79e7d74ad4c63d07ac2be8488ed3ef4bd317b
  declared_license: MIT
- repo_url: mattpocock/skills
  name: grill-me
  host: github.com
  resolved_commit: 2ab958093e83e0ec752e6c1c5932da465bf23e0c
  resolved_ref: 2ab958093e83e0ec752e6c1c5932da465bf23e0c
  version: unknown
  virtual_path: skills/productivity/grill-me
  is_virtual: true
  package_type: claude_skill
  deployed_files:
  - .claude/skills/grill-me
  - .claude/skills/grill-me/SKILL.md
  - .claude/skills/grill-me/agents/openai.yaml
  deployed_file_hashes:
    .claude/skills/grill-me/SKILL.md: sha256:6189dfceb7304a6e5558f75d87e68fa3bc7fcf7ba120e44f21f8a61fe01eba54
    .claude/skills/grill-me/agents/openai.yaml: sha256:c061e39c3e0f9d865fb1b97556d485704af2a8a58f4b8221a8917a5c2074a32b
  content_hash: sha256:0ac1a28d5e7ab05c4a51046c9d74fd7bfc070ba6a3b9ec8451bd274e746d67b6
- repo_url: mattpocock/skills
  name: grilling
  host: github.com
  resolved_commit: 2ab958093e83e0ec752e6c1c5932da465bf23e0c
  resolved_ref: 2ab958093e83e0ec752e6c1c5932da465bf23e0c
  version: unknown
  virtual_path: skills/productivity/grilling
  is_virtual: true
  package_type: claude_skill
  deployed_files:
  - .claude/skills/grilling
  - .claude/skills/grilling/SKILL.md
  - .claude/skills/grilling/agents/openai.yaml
  deployed_file_hashes:
    .claude/skills/grilling/SKILL.md: sha256:44331dda57f461db4fec3f2efb6ddabe7aaaa0a57ae0f88a883bc61aed8a0587
    .claude/skills/grilling/agents/openai.yaml: sha256:cf29b9a8dbf35a58a908a6ca4f64dcd86c2b2130291eee0a78b9f706b138825b
  content_hash: sha256:1f05b0ffe26fb4d4457e3e40b41ec2f3e379ae2d6877613240bc6ffef5f7f338
deployments:
- kind: project-relative
  target: claude
  value: .claude/agents/executor-broad.md
  runtime: null
  scope: project
  owners:
  - .
  active_owner: .
  content_hash: sha256:040a6f8aacf9b4cf5378a07cbe0add6d810d2ebdf15d549f62c0ca276077c0a3
- kind: project-relative
  target: claude
  value: .claude/agents/executor-focused.md
  runtime: null
  scope: project
  owners:
  - .
  active_owner: .
  content_hash: sha256:65f71a7eb594c2205554f383798a2344e69d6803a20c0d1e8fc7521b108ffbee
- kind: project-relative
  target: claude
  value: .claude/agents/explore.md
  runtime: null
  scope: project
  owners:
  - .
  active_owner: .
  content_hash: sha256:d3b387a5158c1e52f9ddc22e9335ef54ab17f42c83ff502ad23ae71f158519db
- kind: project-relative
  target: claude
  value: .claude/agents/plan.md
  runtime: null
  scope: project
  owners:
  - .
  active_owner: .
  content_hash: sha256:b82e78e1ff6baa28714615934c3a738b1363b882cd706bcf185261fa130a5154
- kind: project-relative
  target: claude
  value: .claude/agents/researcher-advanced.md
  runtime: null
  scope: project
  owners:
  - .
  active_owner: .
  content_hash: sha256:f15191d37b2da1fe17a30b7a6df6c15f57d7fa4c33cb9e90c4d00a1cb581ed6f
- kind: project-relative
  target: claude
  value: .claude/commands/reflect.md
  runtime: null
  scope: project
  owners:
  - .
  active_owner: .
  content_hash: sha256:bb48e74956a9ef8108767507e3739ecdf85c8206e0298e86c1286e7b88f2faef
- kind: project-relative
  target: claude
  value: .claude/commands/setup-mcp.md
  runtime: null
  scope: project
  owners:
  - .
  active_owner: .
  content_hash: sha256:4bbfc82e63a77518edb62428a4a3e83df42309840295067fe228a78b7aae6c6b
- kind: project-relative
  target: claude
  value: .claude/hooks/llmctl-baseline/.apm/hooks/scripts/always-on-instructions.py
  runtime: null
  scope: project
  owners:
  - .
  active_owner: .
  content_hash: sha256:3e5ca22e868cc85d79fdd3fd19c14e72e63af655d2c8eb731284584001eb6153
- kind: project-relative
  target: claude
  value: .claude/hooks/llmctl-baseline/.apm/instructions/documentation.instructions.md
  runtime: null
  scope: project
  owners:
  - .
  active_owner: .
  content_hash: sha256:cdd7f9780cb115a42a8c296201c906e6cadc6a51b9711e0f38b80323ea1e7ef9
- kind: project-relative
  target: claude
  value: .claude/hooks/llmctl-baseline/.apm/instructions/meta.instructions.md
  runtime: null
  scope: project
  owners:
  - .
  active_owner: .
  content_hash: sha256:8a4ae22cc343af983d69a1c004a2a1d5ac5a75189606ca02afb605c78878211a
- kind: project-relative
  target: claude
  value: .claude/hooks/llmctl-baseline/.apm/instructions/troubleshooting.instructions.md
  runtime: null
  scope: project
  owners:
  - .
  active_owner: .
  content_hash: sha256:60d1019f226a20e7a9910a21253f0704cf4762b29eb20bc6c8769aa8cab3f8de
- kind: project-relative
  target: claude
  value: .claude/hooks/llmctl-baseline/.apm/instructions/working-style.instructions.md
  runtime: null
  scope: project
  owners:
  - .
  active_owner: .
  content_hash: sha256:d21e213dae45ac47eeb5d19916a6604df11b28c7e4a40a0a8d9da442609789c1
- kind: project-relative
  target: claude
  value: .claude/hooks/llmctl-baseline/.apm/instructions/writing-style.instructions.md
  runtime: null
  scope: project
  owners:
  - .
  active_owner: .
  content_hash: sha256:d3653ed3013adbb5728cbdcdfdd47850ace579cef70a216068e03d8fca70401f
- kind: project-relative
  target: claude
  value: .claude/rules/documentation.md
  runtime: null
  scope: project
  owners:
  - .
  active_owner: .
  content_hash: sha256:4503183e03ae534955125752529be966fd58b97bbac02f593d2375341de15a0b
- kind: project-relative
  target: claude
  value: .claude/rules/meta.md
  runtime: null
  scope: project
  owners:
  - .
  active_owner: .
  content_hash: sha256:c4247fa31fd2710c87394648d6d5a43e1f06b8a28b9b1fc9d875a48d9f15e50b
- kind: project-relative
  target: claude
  value: .claude/rules/troubleshooting.md
  runtime: null
  scope: project
  owners:
  - .
  active_owner: .
  content_hash: sha256:80e338947e0ad26a22173a9051b1db8c738810bbeb1d226e21de096dda2ef83a
- kind: project-relative
  target: claude
  value: .claude/rules/working-style.md
  runtime: null
  scope: project
  owners:
  - .
  active_owner: .
  content_hash: sha256:b7d17e2efff414294ee23811d1aa523aec34def24181f8cfb1843b7577b21648
- kind: project-relative
  target: claude
  value: .claude/rules/writing-style.md
  runtime: null
  scope: project
  owners:
  - .
  active_owner: .
  content_hash: sha256:81cec69f53d36fc00f68948233b14c7d42daff848d0ede73ca2c11ca4f3dbcbb
- kind: project-relative
  target: claude
  value: .claude/skills/authoring-mermaid-diagrams
  runtime: null
  scope: project
  owners:
  - .
  active_owner: .
  content_hash: null
- kind: project-relative
  target: claude
  value: .claude/skills/authoring-mermaid-diagrams/SKILL.md
  runtime: null
  scope: project
  owners:
  - .
  active_owner: .
  content_hash: sha256:8c06960ada423d8148121b5a4beb078c33a0c96264aeb5fd4fd76433a3fa16e3
- kind: project-relative
  target: claude
  value: .claude/skills/authoring-mermaid-diagrams/references/diagram-types.md
  runtime: null
  scope: project
  owners:
  - .
  active_owner: .
  content_hash: sha256:f7a3162cc76934bf88129c6a0c8b0483587e4c72cc0977e2b0bc4119499cf3d6
- kind: project-relative
  target: claude
  value: .claude/skills/authoring-mermaid-diagrams/references/styling-and-theming.md
  runtime: null
  scope: project
  owners:
  - .
  active_owner: .
  content_hash: sha256:bbba28e0c07cabf649bb31ea369b84a203270b1db8fb7d3543ad6f41fd673fcc
- kind: project-relative
  target: claude
  value: .claude/skills/authoring-mermaid-diagrams/references/syntax-recipes.md
  runtime: null
  scope: project
  owners:
  - .
  active_owner: .
  content_hash: sha256:1c674f98b2aff669bf6ed1688d0fd7f9f7ef497066717d82f0bec67ddecda9d4
- kind: project-relative
  target: claude
  value: .claude/skills/authoring-mermaid-diagrams/scripts/check-mermaid.mjs
  runtime: null
  scope: project
  owners:
  - .
  active_owner: .
  content_hash: sha256:1977836c325c132be7658c14f7797ff033064c9ea8680428c726b5fd8e6743ec
- kind: project-relative
  target: claude
  value: .claude/skills/batch-task-execution
  runtime: null
  scope: project
  owners:
  - .
  active_owner: .
  content_hash: null
- kind: project-relative
  target: claude
  value: .claude/skills/batch-task-execution/SKILL.md
  runtime: null
  scope: project
  owners:
  - .
  active_owner: .
  content_hash: sha256:cb7348e7113e5ca4ad8f4eca91ff6d36be8838c1269261f614d814f65c2f7369
- kind: project-relative
  target: claude
  value: .claude/skills/complex-research
  runtime: null
  scope: project
  owners:
  - .
  active_owner: .
  content_hash: null
- kind: project-relative
  target: claude
  value: .claude/skills/complex-research/SKILL.md
  runtime: null
  scope: project
  owners:
  - .
  active_owner: .
  content_hash: sha256:1fec9ee1d1ee436e835918c7699f863fe386dc6e9ad6b88198c4b9b4eab351ec
- kind: project-relative
  target: claude
  value: .claude/skills/grill-me
  runtime: null
  scope: project
  owners:
  - mattpocock/skills/skills/productivity/grill-me
  active_owner: mattpocock/skills/skills/productivity/grill-me
  content_hash: null
- kind: project-relative
  target: claude
  value: .claude/skills/grill-me/SKILL.md
  runtime: null
  scope: project
  owners:
  - mattpocock/skills/skills/productivity/grill-me
  active_owner: mattpocock/skills/skills/productivity/grill-me
  content_hash: sha256:6189dfceb7304a6e5558f75d87e68fa3bc7fcf7ba120e44f21f8a61fe01eba54
- kind: project-relative
  target: claude
  value: .claude/skills/grill-me/agents/openai.yaml
  runtime: null
  scope: project
  owners:
  - mattpocock/skills/skills/productivity/grill-me
  active_owner: mattpocock/skills/skills/productivity/grill-me
  content_hash: sha256:c061e39c3e0f9d865fb1b97556d485704af2a8a58f4b8221a8917a5c2074a32b
- kind: project-relative
  target: claude
  value: .claude/skills/grilling
  runtime: null
  scope: project
  owners:
  - mattpocock/skills/skills/productivity/grilling
  active_owner: mattpocock/skills/skills/productivity/grilling
  content_hash: null
- kind: project-relative
  target: claude
  value: .claude/skills/grilling/SKILL.md
  runtime: null
  scope: project
  owners:
  - mattpocock/skills/skills/productivity/grilling
  active_owner: mattpocock/skills/skills/productivity/grilling
  content_hash: sha256:44331dda57f461db4fec3f2efb6ddabe7aaaa0a57ae0f88a883bc61aed8a0587
- kind: project-relative
  target: claude
  value: .claude/skills/grilling/agents/openai.yaml
  runtime: null
  scope: project
  owners:
  - mattpocock/skills/skills/productivity/grilling
  active_owner: mattpocock/skills/skills/productivity/grilling
  content_hash: sha256:cf29b9a8dbf35a58a908a6ca4f64dcd86c2b2130291eee0a78b9f706b138825b
- kind: project-relative
  target: claude
  value: .claude/skills/humanizer
  runtime: null
  scope: project
  owners:
  - blader/humanizer
  active_owner: blader/humanizer
  content_hash: null
- kind: project-relative
  target: claude
  value: .claude/skills/humanizer/.claude-plugin/marketplace.json
  runtime: null
  scope: project
  owners:
  - blader/humanizer
  active_owner: blader/humanizer
  content_hash: sha256:141736822a343ca0b605d7a9298fef4b692a69368215338df76efb876af442e4
- kind: project-relative
  target: claude
  value: .claude/skills/humanizer/.claude-plugin/plugin.json
  runtime: null
  scope: project
  owners:
  - blader/humanizer
  active_owner: blader/humanizer
  content_hash: sha256:f31bf57f37eabb0d4e2eab4deb4f69bf64cc4db164d4809cc57f8c9502aa4eb8
- kind: project-relative
  target: claude
  value: .claude/skills/humanizer/.github/workflows/validate.yml
  runtime: null
  scope: project
  owners:
  - blader/humanizer
  active_owner: blader/humanizer
  content_hash: sha256:4ee5852335371388b4a621e2a1e5d0115b3046d214ff2b43377a2422e77a4185
- kind: project-relative
  target: claude
  value: .claude/skills/humanizer/AGENTS.md
  runtime: null
  scope: project
  owners:
  - blader/humanizer
  active_owner: blader/humanizer
  content_hash: sha256:9394319b85795f13527b6462ac660d8e59ac43dd0e84f2bb2c3a1891e62ad402
- kind: project-relative
  target: claude
  value: .claude/skills/humanizer/LICENSE
  runtime: null
  scope: project
  owners:
  - blader/humanizer
  active_owner: blader/humanizer
  content_hash: sha256:4ac4810254ab36d45419141aeb8e69bf50652cfafe5b2dab947d06d44e5cbf96
- kind: project-relative
  target: claude
  value: .claude/skills/humanizer/README.md
  runtime: null
  scope: project
  owners:
  - blader/humanizer
  active_owner: blader/humanizer
  content_hash: sha256:cb771a5ac98040b72ea1479f25bedec9e619c85f8b1493c205105a3b714a9d86
- kind: project-relative
  target: claude
  value: .claude/skills/humanizer/SKILL.md
  runtime: null
  scope: project
  owners:
  - blader/humanizer
  active_owner: blader/humanizer
  content_hash: sha256:70938f3cce25970e1ded5fdd194b755c03f1e4e4fa76820958ce78f86b677b1a
- kind: project-relative
  target: claude
  value: .claude/skills/humanizer/agents/openai.yaml
  runtime: null
  scope: project
  owners:
  - blader/humanizer
  active_owner: blader/humanizer
  content_hash: sha256:7b4289413ca3de49c7efc2798ac230e7ae563a6bd7eadf799ee5b2d75c261d25
- kind: project-relative
  target: claude
  value: .claude/skills/humanizer/scripts/validate-package.py
  runtime: null
  scope: project
  owners:
  - blader/humanizer
  active_owner: blader/humanizer
  content_hash: sha256:d2c5496ca73a8ce2d3f0cad6681724170d8566bef54d36dfc1e5d3972597b614
- kind: project-relative
  target: claude
  value: .claude/skills/meta-harness
  runtime: null
  scope: project
  owners:
  - .
  active_owner: .
  content_hash: null
- kind: project-relative
  target: claude
  value: .claude/skills/meta-harness/SKILL.md
  runtime: null
  scope: project
  owners:
  - .
  active_owner: .
  content_hash: sha256:bceb8250d447a143c0f52d2b974ce71ccbce9f480ae615f5a920529bc8d3e769
- kind: project-relative
  target: claude
  value: .claude/skills/meta-harness/references/hooks.md
  runtime: null
  scope: project
  owners:
  - .
  active_owner: .
  content_hash: sha256:83076225cc5cfcb39efeb74a2c4b760a1ebe5e7332d1b310fa6997b10f1e9fa1
- kind: project-relative
  target: claude
  value: .claude/skills/meta-harness/references/mcp-configuration.md
  runtime: null
  scope: project
  owners:
  - .
  active_owner: .
  content_hash: sha256:f73fdeb5c35d1534bf0f7cb119d2064a9932759f6db86514445d5f441ac6d841
- kind: project-relative
  target: claude
  value: .claude/skills/meta-harness/references/mcp.md
  runtime: null
  scope: project
  owners:
  - .
  active_owner: .
  content_hash: sha256:b035c8b91b5dc882af318c7a2dd5c2aba0ad0f67f531c35bedd07d82f6a91e15
- kind: project-relative
  target: claude
  value: .claude/skills/meta-harness/references/plugins.md
  runtime: null
  scope: project
  owners:
  - .
  active_owner: .
  content_hash: sha256:57c312fac9554a3590b53c7460b53efca32f83119c61b88c161761a9d5b360ea
- kind: project-relative
  target: claude
  value: .claude/skills/meta-steering
  runtime: null
  scope: project
  owners:
  - .
  active_owner: .
  content_hash: null
- kind: project-relative
  target: claude
  value: .claude/skills/meta-steering/SKILL.md
  runtime: null
  scope: project
  owners:
  - .
  active_owner: .
  content_hash: sha256:19095709639ae9a6d70fc3bd25a3fd5c0824d6ae8d48899a162c92b9a6b51b32
- kind: project-relative
  target: claude
  value: .claude/skills/meta-steering/references/agent-frontmatter.md
  runtime: null
  scope: project
  owners:
  - .
  active_owner: .
  content_hash: sha256:f207995594919f546d28c36c1d845dc28537215e0867f7ae8ad4fe4157f0be54
- kind: project-relative
  target: claude
  value: .claude/skills/meta-steering/references/agent-guide.md
  runtime: null
  scope: project
  owners:
  - .
  active_owner: .
  content_hash: sha256:ea2cecf3e4570e7e31a27edabc5b49784b60fd105a6cf05d9bfcfb0ea4179bdc
- kind: project-relative
  target: claude
  value: .claude/skills/meta-steering/references/agent-handoff.md
  runtime: null
  scope: project
  owners:
  - .
  active_owner: .
  content_hash: sha256:ccd3060572901b5e7e40f0371030bd49dfa6381e39bb409729205ccbbdda8fdd
- kind: project-relative
  target: claude
  value: .claude/skills/meta-steering/references/agent-patterns.md
  runtime: null
  scope: project
  owners:
  - .
  active_owner: .
  content_hash: sha256:d73ee4b3e0f54593e8579556a91e58ea3fdfc8e2d71e48dfc7cab93beb1bac0e
- kind: project-relative
  target: claude
  value: .claude/skills/meta-steering/references/agent-subagent.md
  runtime: null
  scope: project
  owners:
  - .
  active_owner: .
  content_hash: sha256:9c15e9127208c22fbb163c22fbea7fe7e341528c2cebec265de12233c4b7069c
- kind: project-relative
  target: claude
  value: .claude/skills/meta-steering/references/agent-tools.md
  runtime: null
  scope: project
  owners:
  - .
  active_owner: .
  content_hash: sha256:783d6f39ef03e617c7663982c4eb1b8801ef09e1f29baa127f5b7e98a8655526
- kind: project-relative
  target: claude
  value: .claude/skills/meta-steering/references/frontmatter-deploy.md
  runtime: null
  scope: project
  owners:
  - .
  active_owner: .
  content_hash: sha256:de326f29097a170ee6e84010e7474008bdfc2f29c6ebbbc844d35ce86cf2cffe
- kind: project-relative
  target: claude
  value: .claude/skills/meta-steering/references/instruction-bootstrapping.md
  runtime: null
  scope: project
  owners:
  - .
  active_owner: .
  content_hash: sha256:53eb7e7b16402ca92b3652f725aa966b5278066c58a2711fb00f7c5afa95a3fc
- kind: project-relative
  target: claude
  value: .claude/skills/meta-steering/references/instructions.md
  runtime: null
  scope: project
  owners:
  - .
  active_owner: .
  content_hash: sha256:53869eea88662385c4b2963aa3166bbc3d4a59a75d19001b672383ef534dd736
- kind: project-relative
  target: claude
  value: .claude/skills/meta-steering/references/prompts.md
  runtime: null
  scope: project
  owners:
  - .
  active_owner: .
  content_hash: sha256:a8cf56bfc69266094f64e9335db9220f369557e4e1040b9a647f3c24b81f0b68
- kind: project-relative
  target: claude
  value: .claude/skills/meta-steering/references/skill-body.md
  runtime: null
  scope: project
  owners:
  - .
  active_owner: .
  content_hash: sha256:316b166abfd190817c2b1fb5fced7db75cb7aeb96cdc4850442c776f00165858
- kind: project-relative
  target: claude
  value: .claude/skills/meta-steering/references/skill-frontmatter.md
  runtime: null
  scope: project
  owners:
  - .
  active_owner: .
  content_hash: sha256:503b1818229f61957cdfed27466540c4c8d2f14d72879cd1aa152c288d98a76c
- kind: project-relative
  target: claude
  value: .claude/skills/meta-steering/references/skill-spec.md
  runtime: null
  scope: project
  owners:
  - .
  active_owner: .
  content_hash: sha256:ff7b3dabaa6ec371c237212a9d50e0fb5f4c5671cc0613b9b907add3eaedabbe
- kind: project-relative
  target: claude
  value: .claude/skills/meta-steering/references/skill-structure.md
  runtime: null
  scope: project
  owners:
  - .
  active_owner: .
  content_hash: sha256:4e0a28d150e985ec5a26b911c15a8542b8d26a5ea430ae8347a421558b374602
- kind: project-relative
  target: claude
  value: .claude/skills/meta-steering/references/skills.md
  runtime: null
  scope: project
  owners:
  - .
  active_owner: .
  content_hash: sha256:1f7aaeceba9aa926bcf0d63b12f5176fd8285bfdc7702988fe05054b48f1ef96
- kind: project-relative
  target: claude
  value: .claude/skills/troubleshooting
  runtime: null
  scope: project
  owners:
  - .
  active_owner: .
  content_hash: null
- kind: project-relative
  target: claude
  value: .claude/skills/troubleshooting/SKILL.md
  runtime: null
  scope: project
  owners:
  - .
  active_owner: .
  content_hash: sha256:82a951e941e97516f2f4d6c08170b0dddaef135205963aa03bc9685ac894300f
- kind: uri
  target: mcp
  value: context7
  runtime: claude
  scope: project
  owners:
  - .
  active_owner: .
  content_hash: null
- kind: uri
  target: mcp
  value: github
  runtime: claude
  scope: project
  owners:
  - .
  active_owner: .
  content_hash: null
mcp_servers:
- context7
- github
mcp_configs:
  context7:
    name: context7
    transport: http
    registry: false
    headers:
      CONTEXT7_API_KEY: ${CONTEXT7_API_KEY}
    url: https://mcp.context7.com/mcp
    env_http_headers:
      CONTEXT7_API_KEY: CONTEXT7_API_KEY
  github:
    name: github
    transport: stdio
    args:
    - mcp
    registry: false
    command: gh
mcp_target_servers:
  claude:
  - context7
  - github
