pack:
  format: plugin
  target: claude
  packed_at: '2026-08-24T14:19:24.070333+00:00'
  bundle_files:
    agents/product-manager.agent.md: 470e55cd91ce209fb62d181915804d84082e2e932bdce87ec5cbf510aa3904b0
    agents/ux-expert.agent.md: 29eee2f5d8af4b9186d845acb69b3cda59664f859521fab1bf0ea2760865ff45
    plugin.json: e450f2205f2c76ec2919f27b8cc520a142a8959386fc9424a1f3f77da753ed85
    skills/prd-epic/SKILL.md: 63ac16dbc0cb4ebb057c0e9c7e8f426151a5695adb2fce349b7cef3d23329adb
    skills/prd-feature/SKILL.md: be275e4bd88a37efe119c94ade2c97f97372d0ced99dbe08ef3e6045119aa254
lockfile_version: '1'
generated_at: '2026-08-24T14:19:23.384871+00:00'
dependencies: []
deployments:
- kind: project-relative
  target: claude
  value: .claude/agents/product-manager.md
  runtime: null
  scope: project
  owners:
  - .
  active_owner: .
  content_hash: sha256:470e55cd91ce209fb62d181915804d84082e2e932bdce87ec5cbf510aa3904b0
- kind: project-relative
  target: claude
  value: .claude/agents/ux-expert.md
  runtime: null
  scope: project
  owners:
  - .
  active_owner: .
  content_hash: sha256:29eee2f5d8af4b9186d845acb69b3cda59664f859521fab1bf0ea2760865ff45
- kind: project-relative
  target: claude
  value: .claude/skills/prd-epic
  runtime: null
  scope: project
  owners:
  - .
  active_owner: .
  content_hash: null
- kind: project-relative
  target: claude
  value: .claude/skills/prd-epic/SKILL.md
  runtime: null
  scope: project
  owners:
  - .
  active_owner: .
  content_hash: sha256:63ac16dbc0cb4ebb057c0e9c7e8f426151a5695adb2fce349b7cef3d23329adb
- kind: project-relative
  target: claude
  value: .claude/skills/prd-feature
  runtime: null
  scope: project
  owners:
  - .
  active_owner: .
  content_hash: null
- kind: project-relative
  target: claude
  value: .claude/skills/prd-feature/SKILL.md
  runtime: null
  scope: project
  owners:
  - .
  active_owner: .
  content_hash: sha256:be275e4bd88a37efe119c94ade2c97f97372d0ced99dbe08ef3e6045119aa254
