pack:
  format: plugin
  target: claude
  packed_at: '2026-08-01T20:27:31.179668+00:00'
  bundle_files:
    .mcp.json: fc2947f0e3eea9d4f5e1debe546c06d74956b0c327e8e764eb622d1cb0b9e959
    agents/executor-broad.agent.md: 345db9eb50f6ace54f4a85d6e688990e1c1a6c8422502823741b84f2e31b52d4
    agents/executor-focused.agent.md: 52752be2fed08d4b22651e876d619a9205e1e92d7400a31bd9a5213104c7296c
    agents/explore.agent.md: fb30e843d074b94c2d4821d463ec7892829608d00225abf3955d4185a18b88d6
    agents/plan.agent.md: d8d5ef89b263968a0320c4a332f72df60d27824b3950b86bfc7d5d468fa4b1ff
    agents/researcher-advanced.agent.md: ca6eb09a9af8f2f00b617f5c96b331cc30d916259cfe6bc175d3fcc834ee897d
    instructions/documentation.instructions.md: d17285d5255485a33d80ae104d8dddff2403ac336f750832f7a80f2a49531348
    instructions/troubleshooting.instructions.md: 1379340667f95ec4943c541e4ee357ad612d06c3426ff8c0757b134567ba86bd
    plugin.json: 2a26fd529bd5c1376c2e2076202316f8461dac7a917df7eec6140d6f6a895877
    skills/batch-task-execution/SKILL.md: a320e56d7d4df91a9771531d6a7001ff17490e871e4d73dba07b3421694eb5aa
    skills/complex-research/SKILL.md: 40305f494632572e22ccdc0acef674beee71a8014900d142504023ad4ff7904e
    skills/grill-me/SKILL.md: 6189dfceb7304a6e5558f75d87e68fa3bc7fcf7ba120e44f21f8a61fe01eba54
    skills/grill-me/agents/openai.yaml: c061e39c3e0f9d865fb1b97556d485704af2a8a58f4b8221a8917a5c2074a32b
    skills/grilling/SKILL.md: 44331dda57f461db4fec3f2efb6ddabe7aaaa0a57ae0f88a883bc61aed8a0587
    skills/grilling/agents/openai.yaml: cf29b9a8dbf35a58a908a6ca4f64dcd86c2b2130291eee0a78b9f706b138825b
    skills/mermaid-creator/SKILL.md: ae7f3eaa16dfbd140fb8ddb9b453b3156e59008e5eb4c8a0791f473677371e11
    skills/mermaid-creator/references/mermaid-diagram-guide.md: 8bd34783f72f239fc9b6d7247812f0f547b063923febf5d69016514610346b96
    skills/mermaid-creator/references/unicode-symbols.md: 8ec74b2c86ecd3e274d366ab28012a071c0aa9fe60ef356165a59747623cc3d3
    skills/troubleshooting/SKILL.md: 9abc56d99d7363cd28be40708f4799dbf8df06b209fa67b5cae396e1425bd2d3
lockfile_version: '1'
generated_at: '2026-08-01T20:27:30.237732+00:00'
apm_version: 0.26.0
dependencies:
- repo_url: mattpocock/skills
  name: grill-me
  host: github.com
  resolved_commit: 2ab958093e83e0ec752e6c1c5932da465bf23e0c
  resolved_ref: 2ab958093e83e0ec752e6c1c5932da465bf23e0c
  version: unknown
  virtual_path: skills/productivity/grill-me
  is_virtual: true
  package_type: claude_skill
  deployed_files:
  - .claude/skills/grill-me
  - .claude/skills/grill-me/SKILL.md
  - .claude/skills/grill-me/agents/openai.yaml
  deployed_file_hashes:
    .claude/skills/grill-me/SKILL.md: sha256:6189dfceb7304a6e5558f75d87e68fa3bc7fcf7ba120e44f21f8a61fe01eba54
    .claude/skills/grill-me/agents/openai.yaml: sha256:c061e39c3e0f9d865fb1b97556d485704af2a8a58f4b8221a8917a5c2074a32b
  content_hash: sha256:0ac1a28d5e7ab05c4a51046c9d74fd7bfc070ba6a3b9ec8451bd274e746d67b6
- repo_url: mattpocock/skills
  name: grilling
  host: github.com
  resolved_commit: 2ab958093e83e0ec752e6c1c5932da465bf23e0c
  resolved_ref: 2ab958093e83e0ec752e6c1c5932da465bf23e0c
  version: unknown
  virtual_path: skills/productivity/grilling
  is_virtual: true
  package_type: claude_skill
  deployed_files:
  - .claude/skills/grilling
  - .claude/skills/grilling/SKILL.md
  - .claude/skills/grilling/agents/openai.yaml
  deployed_file_hashes:
    .claude/skills/grilling/SKILL.md: sha256:44331dda57f461db4fec3f2efb6ddabe7aaaa0a57ae0f88a883bc61aed8a0587
    .claude/skills/grilling/agents/openai.yaml: sha256:cf29b9a8dbf35a58a908a6ca4f64dcd86c2b2130291eee0a78b9f706b138825b
  content_hash: sha256:1f05b0ffe26fb4d4457e3e40b41ec2f3e379ae2d6877613240bc6ffef5f7f338
deployments:
- kind: project-relative
  target: claude
  value: .claude/agents/executor-broad.md
  runtime: null
  scope: project
  owners:
  - .
  active_owner: .
  content_hash: sha256:345db9eb50f6ace54f4a85d6e688990e1c1a6c8422502823741b84f2e31b52d4
- kind: project-relative
  target: claude
  value: .claude/agents/executor-focused.md
  runtime: null
  scope: project
  owners:
  - .
  active_owner: .
  content_hash: sha256:52752be2fed08d4b22651e876d619a9205e1e92d7400a31bd9a5213104c7296c
- kind: project-relative
  target: claude
  value: .claude/agents/explore.md
  runtime: null
  scope: project
  owners:
  - .
  active_owner: .
  content_hash: sha256:e67639f984634d71e353de6d27381679cfc6ddef7a2a0cc501b68265f31d441c
- kind: project-relative
  target: claude
  value: .claude/agents/plan.md
  runtime: null
  scope: project
  owners:
  - .
  active_owner: .
  content_hash: sha256:d8d5ef89b263968a0320c4a332f72df60d27824b3950b86bfc7d5d468fa4b1ff
- kind: project-relative
  target: claude
  value: .claude/agents/researcher-advanced.md
  runtime: null
  scope: project
  owners:
  - .
  active_owner: .
  content_hash: sha256:9926a70040921c9e09433f01c2d99b116207ace55fc7a10c6a3190ceb157b187
- kind: project-relative
  target: claude
  value: .claude/rules/documentation.md
  runtime: null
  scope: project
  owners:
  - .
  active_owner: .
  content_hash: sha256:9b4327e7861d91f02908bea4f0ffd184a31e7a2a7e5ac3957d8bed5acd096e71
- kind: project-relative
  target: claude
  value: .claude/rules/troubleshooting.md
  runtime: null
  scope: project
  owners:
  - .
  active_owner: .
  content_hash: sha256:80e338947e0ad26a22173a9051b1db8c738810bbeb1d226e21de096dda2ef83a
- kind: project-relative
  target: claude
  value: .claude/skills/batch-task-execution
  runtime: null
  scope: project
  owners:
  - .
  active_owner: .
  content_hash: null
- kind: project-relative
  target: claude
  value: .claude/skills/batch-task-execution/SKILL.md
  runtime: null
  scope: project
  owners:
  - .
  active_owner: .
  content_hash: sha256:c774e0cf952fa9888af20c86b5e4a37e62457194eefa03707f01d8ea92ec2dd1
- kind: project-relative
  target: claude
  value: .claude/skills/complex-research
  runtime: null
  scope: project
  owners:
  - .
  active_owner: .
  content_hash: null
- kind: project-relative
  target: claude
  value: .claude/skills/complex-research/SKILL.md
  runtime: null
  scope: project
  owners:
  - .
  active_owner: .
  content_hash: sha256:170aeea62f3722f313d2c852517c77b5d90fcf7aee751bc24b5f04b7e227142e
- kind: project-relative
  target: claude
  value: .claude/skills/grill-me
  runtime: null
  scope: project
  owners:
  - mattpocock/skills/skills/productivity/grill-me
  active_owner: mattpocock/skills/skills/productivity/grill-me
  content_hash: null
- kind: project-relative
  target: claude
  value: .claude/skills/grill-me/SKILL.md
  runtime: null
  scope: project
  owners:
  - mattpocock/skills/skills/productivity/grill-me
  active_owner: mattpocock/skills/skills/productivity/grill-me
  content_hash: sha256:6189dfceb7304a6e5558f75d87e68fa3bc7fcf7ba120e44f21f8a61fe01eba54
- kind: project-relative
  target: claude
  value: .claude/skills/grill-me/agents/openai.yaml
  runtime: null
  scope: project
  owners:
  - mattpocock/skills/skills/productivity/grill-me
  active_owner: mattpocock/skills/skills/productivity/grill-me
  content_hash: sha256:c061e39c3e0f9d865fb1b97556d485704af2a8a58f4b8221a8917a5c2074a32b
- kind: project-relative
  target: claude
  value: .claude/skills/grilling
  runtime: null
  scope: project
  owners:
  - mattpocock/skills/skills/productivity/grilling
  active_owner: mattpocock/skills/skills/productivity/grilling
  content_hash: null
- kind: project-relative
  target: claude
  value: .claude/skills/grilling/SKILL.md
  runtime: null
  scope: project
  owners:
  - mattpocock/skills/skills/productivity/grilling
  active_owner: mattpocock/skills/skills/productivity/grilling
  content_hash: sha256:44331dda57f461db4fec3f2efb6ddabe7aaaa0a57ae0f88a883bc61aed8a0587
- kind: project-relative
  target: claude
  value: .claude/skills/grilling/agents/openai.yaml
  runtime: null
  scope: project
  owners:
  - mattpocock/skills/skills/productivity/grilling
  active_owner: mattpocock/skills/skills/productivity/grilling
  content_hash: sha256:cf29b9a8dbf35a58a908a6ca4f64dcd86c2b2130291eee0a78b9f706b138825b
- kind: project-relative
  target: claude
  value: .claude/skills/mermaid-creator
  runtime: null
  scope: project
  owners:
  - .
  active_owner: .
  content_hash: null
- kind: project-relative
  target: claude
  value: .claude/skills/mermaid-creator/SKILL.md
  runtime: null
  scope: project
  owners:
  - .
  active_owner: .
  content_hash: sha256:b5585e2cc39caedbb14d08b4b1a4eb65de81d3889127e8cf8958036a1026f889
- kind: project-relative
  target: claude
  value: .claude/skills/mermaid-creator/references/mermaid-diagram-guide.md
  runtime: null
  scope: project
  owners:
  - .
  active_owner: .
  content_hash: sha256:98565693955d9d13ede23f57f2fe7ea5c8b9e0a57e22c198778dcedfd09b6857
- kind: project-relative
  target: claude
  value: .claude/skills/mermaid-creator/references/unicode-symbols.md
  runtime: null
  scope: project
  owners:
  - .
  active_owner: .
  content_hash: sha256:5ebb0f799d1d4349876d34111f09ba4dc77ed2f7be55838601524206317c4020
- kind: project-relative
  target: claude
  value: .claude/skills/troubleshooting
  runtime: null
  scope: project
  owners:
  - .
  active_owner: .
  content_hash: null
- kind: project-relative
  target: claude
  value: .claude/skills/troubleshooting/SKILL.md
  runtime: null
  scope: project
  owners:
  - .
  active_owner: .
  content_hash: sha256:53281cb3ddcd0e4df86d481e49ee8d8efa0ccc26481c0b909c08905a6d17fd32
- kind: uri
  target: mcp
  value: context7
  runtime: claude
  scope: project
  owners:
  - .
  active_owner: .
  content_hash: null
- kind: uri
  target: mcp
  value: github
  runtime: claude
  scope: project
  owners:
  - .
  active_owner: .
  content_hash: null
mcp_servers:
- context7
- github
mcp_configs:
  context7:
    name: context7
    transport: http
    registry: false
    headers:
      CONTEXT7_API_KEY: ${CONTEXT7_API_KEY}
    url: https://mcp.context7.com/mcp
  github:
    name: github
    transport: stdio
    args:
    - mcp
    registry: false
    command: gh
mcp_target_servers:
  claude:
  - context7
  - github
