pack:
  format: claude-plugin
  target: claude
  packed_at: '2026-09-22T18:04:42.612231+00:00'
  bundle_files:
    .mcp.json: 3d36449bec02673f6453a8f084f6149c54732251e028d0dd72969e64d0c5af9f
    commands/plan-trip.md: 8b77e5a51aaa2f0118c299022537c922f667151e5d04cb0e4da9a6095c955c1e
    plugin.json: 4b71a5b6b6113cebddd460065b804ad3007f99b8dcdb45e2378ffc1b54886563
    skills/destination-calendar/SKILL.md: 1436edb9399f1f5f7bbe557bfdf6f52daff660d37b8b042040c08ea0d2d51f21
    skills/destination-calendar/references/event-classes.md: d37e9c2bac7944738a521d223948edd745a605b7f9c75a1d43eed867c92d378b
    skills/destination-calendar/references/search-protocol.md: fc89ab6472c584c99fce479d0fc7e8739591816286d5593dc6e17c629e282fad
    skills/destination-calendar/references/verdict.md: 89140af8d9cd0efecff0edb555153cd2c0f0f1c69a84ea68dd5dc73dff6257ba
    skills/destination-calendar/scripts/destination_calendar.py: b118ba5e52bdc977fdb6d525b8b5ed60abc9b4085ed4bf1bb5f2bca0fd3f6aea
    skills/itinerary-authoring/SKILL.md: ef4b7b13568d7f086776aef134fd9520e5b573db66af92f1467c9b04ccaea929
    skills/itinerary-authoring/references/day-structure.md: f12f82b60efa4f89824e687e39e723857801071ee639d60bec40fe25e5a042e6
    skills/itinerary-authoring/references/lead-times.md: f3243b4b0bc8fbe8884e790f2881b3af9a84e46da5e013b4d10b46bf4429f783
    skills/travel-entry-requirements/SKILL.md: 0cf943e9472e1ace9f2aa2d6a2cb5d501763b396a0d6d5e7808ef903a6164fab
    skills/travel-entry-requirements/references/official-sources.md: 064c1c57e87b80a588e336bd3b8b5974ca9cd1134f46f4d43538f821378737ce
    skills/travel-entry-requirements/scripts/schengen_window.py: acb2f0d18dac3e84b9788c9b8ee813ad27dca3e1a63525612bc438e8af296bb3
    skills/trip-planning/SKILL.md: 374188daf28f579ddc7adb1cfe32c2bbe4bdb127db785be32b6a55af16dcefe6
    skills/trip-planning/references/booking-authority.md: e4c82c0780d6c7511f8e244a451e4e6f574e193c4d3f71d99d35909bba72db4e
    skills/trip-planning/references/intake.md: 8d55e2975f1caac308193dda92b6e162866fe221da979e35be96d385df5402e8
    skills/trip-planning/references/tool-inventory.md: d6a81730da9f161a63782e28f4b3cba395a74a1f8f8425f85774d23ea7d630b8
lockfile_version: '1'
dependencies: []
deployments:
- kind: project-relative
  target: claude
  value: .claude/commands/plan-trip.md
  runtime: null
  scope: project
  owners:
  - .
  active_owner: .
  content_hash: sha256:2a25c49d46165f604c5711a01e7469060e23794c97e4376c5ec9ab600d411ec0
- kind: project-relative
  target: claude
  value: .claude/skills/destination-calendar
  runtime: null
  scope: project
  owners:
  - .
  active_owner: .
  content_hash: null
- kind: project-relative
  target: claude
  value: .claude/skills/destination-calendar/SKILL.md
  runtime: null
  scope: project
  owners:
  - .
  active_owner: .
  content_hash: sha256:1436edb9399f1f5f7bbe557bfdf6f52daff660d37b8b042040c08ea0d2d51f21
- kind: project-relative
  target: claude
  value: .claude/skills/destination-calendar/references/event-classes.md
  runtime: null
  scope: project
  owners:
  - .
  active_owner: .
  content_hash: sha256:d37e9c2bac7944738a521d223948edd745a605b7f9c75a1d43eed867c92d378b
- kind: project-relative
  target: claude
  value: .claude/skills/destination-calendar/references/search-protocol.md
  runtime: null
  scope: project
  owners:
  - .
  active_owner: .
  content_hash: sha256:fc89ab6472c584c99fce479d0fc7e8739591816286d5593dc6e17c629e282fad
- kind: project-relative
  target: claude
  value: .claude/skills/destination-calendar/references/verdict.md
  runtime: null
  scope: project
  owners:
  - .
  active_owner: .
  content_hash: sha256:89140af8d9cd0efecff0edb555153cd2c0f0f1c69a84ea68dd5dc73dff6257ba
- kind: project-relative
  target: claude
  value: .claude/skills/destination-calendar/scripts/destination_calendar.py
  runtime: null
  scope: project
  owners:
  - .
  active_owner: .
  content_hash: sha256:b118ba5e52bdc977fdb6d525b8b5ed60abc9b4085ed4bf1bb5f2bca0fd3f6aea
- kind: project-relative
  target: claude
  value: .claude/skills/itinerary-authoring
  runtime: null
  scope: project
  owners:
  - .
  active_owner: .
  content_hash: null
- kind: project-relative
  target: claude
  value: .claude/skills/itinerary-authoring/SKILL.md
  runtime: null
  scope: project
  owners:
  - .
  active_owner: .
  content_hash: sha256:ef4b7b13568d7f086776aef134fd9520e5b573db66af92f1467c9b04ccaea929
- kind: project-relative
  target: claude
  value: .claude/skills/itinerary-authoring/references/day-structure.md
  runtime: null
  scope: project
  owners:
  - .
  active_owner: .
  content_hash: sha256:f12f82b60efa4f89824e687e39e723857801071ee639d60bec40fe25e5a042e6
- kind: project-relative
  target: claude
  value: .claude/skills/itinerary-authoring/references/lead-times.md
  runtime: null
  scope: project
  owners:
  - .
  active_owner: .
  content_hash: sha256:f3243b4b0bc8fbe8884e790f2881b3af9a84e46da5e013b4d10b46bf4429f783
- kind: project-relative
  target: claude
  value: .claude/skills/travel-entry-requirements
  runtime: null
  scope: project
  owners:
  - .
  active_owner: .
  content_hash: null
- kind: project-relative
  target: claude
  value: .claude/skills/travel-entry-requirements/SKILL.md
  runtime: null
  scope: project
  owners:
  - .
  active_owner: .
  content_hash: sha256:0cf943e9472e1ace9f2aa2d6a2cb5d501763b396a0d6d5e7808ef903a6164fab
- kind: project-relative
  target: claude
  value: .claude/skills/travel-entry-requirements/references/official-sources.md
  runtime: null
  scope: project
  owners:
  - .
  active_owner: .
  content_hash: sha256:064c1c57e87b80a588e336bd3b8b5974ca9cd1134f46f4d43538f821378737ce
- kind: project-relative
  target: claude
  value: .claude/skills/travel-entry-requirements/scripts/schengen_window.py
  runtime: null
  scope: project
  owners:
  - .
  active_owner: .
  content_hash: sha256:acb2f0d18dac3e84b9788c9b8ee813ad27dca3e1a63525612bc438e8af296bb3
- kind: project-relative
  target: claude
  value: .claude/skills/trip-planning
  runtime: null
  scope: project
  owners:
  - .
  active_owner: .
  content_hash: null
- kind: project-relative
  target: claude
  value: .claude/skills/trip-planning/SKILL.md
  runtime: null
  scope: project
  owners:
  - .
  active_owner: .
  content_hash: sha256:374188daf28f579ddc7adb1cfe32c2bbe4bdb127db785be32b6a55af16dcefe6
- kind: project-relative
  target: claude
  value: .claude/skills/trip-planning/references/booking-authority.md
  runtime: null
  scope: project
  owners:
  - .
  active_owner: .
  content_hash: sha256:e4c82c0780d6c7511f8e244a451e4e6f574e193c4d3f71d99d35909bba72db4e
- kind: project-relative
  target: claude
  value: .claude/skills/trip-planning/references/intake.md
  runtime: null
  scope: project
  owners:
  - .
  active_owner: .
  content_hash: sha256:8d55e2975f1caac308193dda92b6e162866fe221da979e35be96d385df5402e8
- kind: project-relative
  target: claude
  value: .claude/skills/trip-planning/references/tool-inventory.md
  runtime: null
  scope: project
  owners:
  - .
  active_owner: .
  content_hash: sha256:d6a81730da9f161a63782e28f4b3cba395a74a1f8f8425f85774d23ea7d630b8
- kind: uri
  target: mcp
  value: airbnb
  runtime: claude
  scope: project
  owners:
  - .
  active_owner: .
  content_hash: null
- kind: uri
  target: mcp
  value: ferryhopper
  runtime: claude
  scope: project
  owners:
  - .
  active_owner: .
  content_hash: null
- kind: uri
  target: mcp
  value: fli
  runtime: claude
  scope: project
  owners:
  - .
  active_owner: .
  content_hash: null
- kind: uri
  target: mcp
  value: hotelrate
  runtime: claude
  scope: project
  owners:
  - .
  active_owner: .
  content_hash: null
- kind: uri
  target: mcp
  value: skiplagged
  runtime: claude
  scope: project
  owners:
  - .
  active_owner: .
  content_hash: null
- kind: uri
  target: mcp
  value: trivago
  runtime: claude
  scope: project
  owners:
  - .
  active_owner: .
  content_hash: null
mcp_servers:
- airbnb
- ferryhopper
- fli
- hotelrate
- skiplagged
- trivago
mcp_configs:
  airbnb:
    name: airbnb
    transport: stdio
    args:
    - -y
    - '@openbnb/mcp-server-airbnb@0.3.0'
    - --ignore-robots-txt
    registry: false
    command: npx
  ferryhopper:
    name: ferryhopper
    transport: http
    registry: false
    url: https://mcp.ferryhopper.com/mcp
  fli:
    name: fli
    transport: stdio
    args:
    - --from
    - flights[mcp]==0.9.0
    - fli-mcp
    registry: false
    command: uvx
  hotelrate:
    name: hotelrate
    transport: stdio
    args:
    - --with
    - mcp[cli]<2
    - --from
    - git+https://github.com/seanbabalala/hotelrate-crawl@b60205201f002d649ef741fcfe1f6130123289e6
    - hotelrate-mcp
    registry: false
    command: uvx
  skiplagged:
    name: skiplagged
    transport: http
    registry: false
    url: https://mcp.skiplagged.com/mcp
  trivago:
    name: trivago
    transport: http
    registry: false
    url: https://mcp.trivago.com/mcp
mcp_target_servers:
  claude:
  - airbnb
  - ferryhopper
  - fli
  - hotelrate
  - skiplagged
  - trivago
