pack:
  format: claude-plugin
  target: claude
  packed_at: '2026-09-25T10:54:15.574109+00:00'
  bundle_files:
    agents/product-manager.agent.md: c6b215a475eee57c54fc390fd41fa7ae2bf04ce7e650244ac4b5b3d1f9e90721
    agents/ux-expert.agent.md: 294a8c4f517307f6e6e9c8a974321bd90bd4d3ac6e925edee4aa116acc6fd58f
    plugin.json: b275e71f8199ee380d69811877c7487ab2c950cf04847b369325491905dee084
    skills/prd-epic/SKILL.md: 63ac16dbc0cb4ebb057c0e9c7e8f426151a5695adb2fce349b7cef3d23329adb
    skills/prd-feature/SKILL.md: be275e4bd88a37efe119c94ade2c97f97372d0ced99dbe08ef3e6045119aa254
lockfile_version: '1'
dependencies: []
deployments:
- kind: project-relative
  target: claude
  value: .claude/agents/product-manager.md
  runtime: null
  scope: project
  owners:
  - .
  active_owner: .
  content_hash: sha256:c6b215a475eee57c54fc390fd41fa7ae2bf04ce7e650244ac4b5b3d1f9e90721
- kind: project-relative
  target: claude
  value: .claude/agents/ux-expert.md
  runtime: null
  scope: project
  owners:
  - .
  active_owner: .
  content_hash: sha256:294a8c4f517307f6e6e9c8a974321bd90bd4d3ac6e925edee4aa116acc6fd58f
- kind: project-relative
  target: claude
  value: .claude/skills/prd-epic
  runtime: null
  scope: project
  owners:
  - .
  active_owner: .
  content_hash: null
- kind: project-relative
  target: claude
  value: .claude/skills/prd-epic/SKILL.md
  runtime: null
  scope: project
  owners:
  - .
  active_owner: .
  content_hash: sha256:63ac16dbc0cb4ebb057c0e9c7e8f426151a5695adb2fce349b7cef3d23329adb
- kind: project-relative
  target: claude
  value: .claude/skills/prd-feature
  runtime: null
  scope: project
  owners:
  - .
  active_owner: .
  content_hash: null
- kind: project-relative
  target: claude
  value: .claude/skills/prd-feature/SKILL.md
  runtime: null
  scope: project
  owners:
  - .
  active_owner: .
  content_hash: sha256:be275e4bd88a37efe119c94ade2c97f97372d0ced99dbe08ef3e6045119aa254
