pack:
  format: plugin
  target: claude
  packed_at: '2026-08-02T21:58:44.961997+00:00'
  bundle_files:
    agents/code-reviewer.agent.md: e6fba2a32483f5e9097ce79fa771d3a1f3510a2ccfd8dd9ae0e3b76c85717ab0
    plugin.json: 8f0fcb38f3e0bc5d7d3faec2765f997be73956c2c907a18e2d244cac99cb71c4
    skills/lint-fix/SKILL.md: bd7f86143dbf4ec5eaa27de51633cf67a9e204d0a276bf11f52ef91c2cbd3a44
    skills/lint-fix/references/fix-protocol.md: e8bdaae655da27144c3e8fa3d810908569a0d3659790d279c95d0468e511cea7
    skills/lint-fix/references/tool-detection.md: 1b427e480ad48b955c564bca5a5c3ea0f5b923e893f057b1c22a356820beea1a
    skills/receiving-code-review/SKILL.md: 091df1629510af1b92fc4abd6f96732ebedb4cb2c0f3457e8f2740b0504a2438
    skills/resolving-merge-conflicts/SKILL.md: c7c9ba81362a786aac05d2223123bf1bd2f8a99c3243a72882ede9c68bedfb24
    skills/resolving-merge-conflicts/agents/openai.yaml: a1f4f96838f2ed6282eb28abbbf99029cb8fadce552baf53da90a025b8bffddf
    skills/tdd/SKILL.md: 5363bb2775679fe9311fbb67947f95359169c6e7f1fac77c0f25e190bca6cf2f
    skills/tdd/agents/openai.yaml: ea6f01cf1b8c06a4b0f5b649d74b1b8ce8685e72af1b38d70d877693e092af0b
    skills/tdd/mocking.md: 3ceb807fdf4a47d6a93d4d9a891e5ba6d362a6247bd08adc451feebfc17361ef
    skills/tdd/tests.md: 859f9e592c188fda4fc7277dd180e4ce9c7a2e13f6efe1f6f29eccc9d28c106a
    skills/using-git-worktrees/SKILL.md: 8cfb86f121269e8f7f12361e6795c4f6738828340e28964c9229d365666c9edd
lockfile_version: '1'
generated_at: '2026-08-02T21:58:44.137989+00:00'
apm_version: 0.26.0
dependencies:
- repo_url: mattpocock/skills
  name: resolving-merge-conflicts
  host: github.com
  resolved_commit: 2ab958093e83e0ec752e6c1c5932da465bf23e0c
  resolved_ref: 2ab958093e83e0ec752e6c1c5932da465bf23e0c
  version: unknown
  virtual_path: skills/engineering/resolving-merge-conflicts
  is_virtual: true
  package_type: claude_skill
  deployed_files:
  - .claude/skills/resolving-merge-conflicts
  - .claude/skills/resolving-merge-conflicts/SKILL.md
  - .claude/skills/resolving-merge-conflicts/agents/openai.yaml
  deployed_file_hashes:
    .claude/skills/resolving-merge-conflicts/SKILL.md: sha256:c7c9ba81362a786aac05d2223123bf1bd2f8a99c3243a72882ede9c68bedfb24
    .claude/skills/resolving-merge-conflicts/agents/openai.yaml: sha256:a1f4f96838f2ed6282eb28abbbf99029cb8fadce552baf53da90a025b8bffddf
  content_hash: sha256:bfafce942f3d1264eb6bb931cd39b66cf8889f08072ba6264b5b111b141d2354
- repo_url: mattpocock/skills
  name: tdd
  host: github.com
  resolved_commit: 2ab958093e83e0ec752e6c1c5932da465bf23e0c
  resolved_ref: 2ab958093e83e0ec752e6c1c5932da465bf23e0c
  version: unknown
  virtual_path: skills/engineering/tdd
  is_virtual: true
  package_type: claude_skill
  deployed_files:
  - .claude/skills/tdd
  - .claude/skills/tdd/SKILL.md
  - .claude/skills/tdd/agents/openai.yaml
  - .claude/skills/tdd/mocking.md
  - .claude/skills/tdd/tests.md
  deployed_file_hashes:
    .claude/skills/tdd/SKILL.md: sha256:5363bb2775679fe9311fbb67947f95359169c6e7f1fac77c0f25e190bca6cf2f
    .claude/skills/tdd/agents/openai.yaml: sha256:ea6f01cf1b8c06a4b0f5b649d74b1b8ce8685e72af1b38d70d877693e092af0b
    .claude/skills/tdd/mocking.md: sha256:3ceb807fdf4a47d6a93d4d9a891e5ba6d362a6247bd08adc451feebfc17361ef
    .claude/skills/tdd/tests.md: sha256:859f9e592c188fda4fc7277dd180e4ce9c7a2e13f6efe1f6f29eccc9d28c106a
  content_hash: sha256:f8a22902156d595540b198ee06c0ca793a67935eeb9b681df5dbdf0e193b286e
- repo_url: obra/superpowers
  name: receiving-code-review
  host: github.com
  resolved_commit: 44c9b2d6e889982ac18c27d05a19fefe335194e1
  resolved_ref: 44c9b2d6e889982ac18c27d05a19fefe335194e1
  version: unknown
  virtual_path: skills/receiving-code-review
  is_virtual: true
  package_type: claude_skill
  deployed_files:
  - .claude/skills/receiving-code-review
  - .claude/skills/receiving-code-review/SKILL.md
  deployed_file_hashes:
    .claude/skills/receiving-code-review/SKILL.md: sha256:091df1629510af1b92fc4abd6f96732ebedb4cb2c0f3457e8f2740b0504a2438
  content_hash: sha256:59361179fc9225173e0c145ffd9bafbf9fdbf8b43ce3dc308497a0b4f83a6063
- repo_url: obra/superpowers
  name: using-git-worktrees
  host: github.com
  resolved_commit: 44c9b2d6e889982ac18c27d05a19fefe335194e1
  resolved_ref: 44c9b2d6e889982ac18c27d05a19fefe335194e1
  version: unknown
  virtual_path: skills/using-git-worktrees
  is_virtual: true
  package_type: claude_skill
  deployed_files:
  - .claude/skills/using-git-worktrees
  - .claude/skills/using-git-worktrees/SKILL.md
  deployed_file_hashes:
    .claude/skills/using-git-worktrees/SKILL.md: sha256:8cfb86f121269e8f7f12361e6795c4f6738828340e28964c9229d365666c9edd
  content_hash: sha256:48c8a1040e378e0cb7208107294e3afa9067b9370c3f33b49a443eb6b7528b0d
- repo_url: rshade/agent-skills
  name: lint-fix
  host: github.com
  resolved_commit: 68cd2523ca9b989d11a54e65f5e7c7226dbe051c
  resolved_ref: 68cd2523ca9b989d11a54e65f5e7c7226dbe051c
  version: unknown
  virtual_path: skills/lint-fix
  is_virtual: true
  package_type: claude_skill
  deployed_files:
  - .claude/skills/lint-fix
  - .claude/skills/lint-fix/SKILL.md
  - .claude/skills/lint-fix/references/fix-protocol.md
  - .claude/skills/lint-fix/references/tool-detection.md
  deployed_file_hashes:
    .claude/skills/lint-fix/SKILL.md: sha256:bd7f86143dbf4ec5eaa27de51633cf67a9e204d0a276bf11f52ef91c2cbd3a44
    .claude/skills/lint-fix/references/fix-protocol.md: sha256:e8bdaae655da27144c3e8fa3d810908569a0d3659790d279c95d0468e511cea7
    .claude/skills/lint-fix/references/tool-detection.md: sha256:1b427e480ad48b955c564bca5a5c3ea0f5b923e893f057b1c22a356820beea1a
  content_hash: sha256:64d79ed7216a9c4de210564db7f4cedd35e184e229c0c4e28b7411d8bebba782
deployments:
- kind: project-relative
  target: claude
  value: .claude/agents/code-reviewer.md
  runtime: null
  scope: project
  owners:
  - .
  active_owner: .
  content_hash: sha256:9321157e489aa43d4f359ee25be5370b338947315a70737845007e99d631e545
- kind: project-relative
  target: claude
  value: .claude/skills/lint-fix
  runtime: null
  scope: project
  owners:
  - rshade/agent-skills/skills/lint-fix
  active_owner: rshade/agent-skills/skills/lint-fix
  content_hash: null
- kind: project-relative
  target: claude
  value: .claude/skills/lint-fix/SKILL.md
  runtime: null
  scope: project
  owners:
  - rshade/agent-skills/skills/lint-fix
  active_owner: rshade/agent-skills/skills/lint-fix
  content_hash: sha256:bd7f86143dbf4ec5eaa27de51633cf67a9e204d0a276bf11f52ef91c2cbd3a44
- kind: project-relative
  target: claude
  value: .claude/skills/lint-fix/references/fix-protocol.md
  runtime: null
  scope: project
  owners:
  - rshade/agent-skills/skills/lint-fix
  active_owner: rshade/agent-skills/skills/lint-fix
  content_hash: sha256:e8bdaae655da27144c3e8fa3d810908569a0d3659790d279c95d0468e511cea7
- kind: project-relative
  target: claude
  value: .claude/skills/lint-fix/references/tool-detection.md
  runtime: null
  scope: project
  owners:
  - rshade/agent-skills/skills/lint-fix
  active_owner: rshade/agent-skills/skills/lint-fix
  content_hash: sha256:1b427e480ad48b955c564bca5a5c3ea0f5b923e893f057b1c22a356820beea1a
- kind: project-relative
  target: claude
  value: .claude/skills/receiving-code-review
  runtime: null
  scope: project
  owners:
  - obra/superpowers/skills/receiving-code-review
  active_owner: obra/superpowers/skills/receiving-code-review
  content_hash: null
- kind: project-relative
  target: claude
  value: .claude/skills/receiving-code-review/SKILL.md
  runtime: null
  scope: project
  owners:
  - obra/superpowers/skills/receiving-code-review
  active_owner: obra/superpowers/skills/receiving-code-review
  content_hash: sha256:091df1629510af1b92fc4abd6f96732ebedb4cb2c0f3457e8f2740b0504a2438
- kind: project-relative
  target: claude
  value: .claude/skills/resolving-merge-conflicts
  runtime: null
  scope: project
  owners:
  - mattpocock/skills/skills/engineering/resolving-merge-conflicts
  active_owner: mattpocock/skills/skills/engineering/resolving-merge-conflicts
  content_hash: null
- kind: project-relative
  target: claude
  value: .claude/skills/resolving-merge-conflicts/SKILL.md
  runtime: null
  scope: project
  owners:
  - mattpocock/skills/skills/engineering/resolving-merge-conflicts
  active_owner: mattpocock/skills/skills/engineering/resolving-merge-conflicts
  content_hash: sha256:c7c9ba81362a786aac05d2223123bf1bd2f8a99c3243a72882ede9c68bedfb24
- kind: project-relative
  target: claude
  value: .claude/skills/resolving-merge-conflicts/agents/openai.yaml
  runtime: null
  scope: project
  owners:
  - mattpocock/skills/skills/engineering/resolving-merge-conflicts
  active_owner: mattpocock/skills/skills/engineering/resolving-merge-conflicts
  content_hash: sha256:a1f4f96838f2ed6282eb28abbbf99029cb8fadce552baf53da90a025b8bffddf
- kind: project-relative
  target: claude
  value: .claude/skills/tdd
  runtime: null
  scope: project
  owners:
  - mattpocock/skills/skills/engineering/tdd
  active_owner: mattpocock/skills/skills/engineering/tdd
  content_hash: null
- kind: project-relative
  target: claude
  value: .claude/skills/tdd/SKILL.md
  runtime: null
  scope: project
  owners:
  - mattpocock/skills/skills/engineering/tdd
  active_owner: mattpocock/skills/skills/engineering/tdd
  content_hash: sha256:5363bb2775679fe9311fbb67947f95359169c6e7f1fac77c0f25e190bca6cf2f
- kind: project-relative
  target: claude
  value: .claude/skills/tdd/agents/openai.yaml
  runtime: null
  scope: project
  owners:
  - mattpocock/skills/skills/engineering/tdd
  active_owner: mattpocock/skills/skills/engineering/tdd
  content_hash: sha256:ea6f01cf1b8c06a4b0f5b649d74b1b8ce8685e72af1b38d70d877693e092af0b
- kind: project-relative
  target: claude
  value: .claude/skills/tdd/mocking.md
  runtime: null
  scope: project
  owners:
  - mattpocock/skills/skills/engineering/tdd
  active_owner: mattpocock/skills/skills/engineering/tdd
  content_hash: sha256:3ceb807fdf4a47d6a93d4d9a891e5ba6d362a6247bd08adc451feebfc17361ef
- kind: project-relative
  target: claude
  value: .claude/skills/tdd/tests.md
  runtime: null
  scope: project
  owners:
  - mattpocock/skills/skills/engineering/tdd
  active_owner: mattpocock/skills/skills/engineering/tdd
  content_hash: sha256:859f9e592c188fda4fc7277dd180e4ce9c7a2e13f6efe1f6f29eccc9d28c106a
- kind: project-relative
  target: claude
  value: .claude/skills/using-git-worktrees
  runtime: null
  scope: project
  owners:
  - obra/superpowers/skills/using-git-worktrees
  active_owner: obra/superpowers/skills/using-git-worktrees
  content_hash: null
- kind: project-relative
  target: claude
  value: .claude/skills/using-git-worktrees/SKILL.md
  runtime: null
  scope: project
  owners:
  - obra/superpowers/skills/using-git-worktrees
  active_owner: obra/superpowers/skills/using-git-worktrees
  content_hash: sha256:8cfb86f121269e8f7f12361e6795c4f6738828340e28964c9229d365666c9edd
